
Microsoft Visual Studio Solution File, Format Version 12.00
Project("{2150E333-8FDC-42A3-9474-1A3956D46DE8}") = "Authentication", "Authentication", "{4F37ED25-EE20-4F9A-9E26-480E57EC4A02}"
EndProject
Project("{FAE04EC0-301F-11D3-BF4B-00C04F79EFBC}") = "Authentication.Api", "Authentication.Api\Authentication.Api.csproj", "{6DD6EBEA-9D2B-447E-A04A-632C701644ED}"
EndProject
Project("{FAE04EC0-301F-11D3-BF4B-00C04F79EFBC}") = "Authentication.Application", "Authentication.Application\Authentication.Application.csproj", "{966D71F5-D231-4984-83C2-76E0CDCC3CC8}"
EndProject
Project("{FAE04EC0-301F-11D3-BF4B-00C04F79EFBC}") = "Authentication.Infrastructure", "Authentication.Infrastructure\Authentication.Infrastructure.csproj", "{95E3DBC8-A253-49F8-B3EB-A54D28A8C91A}"
EndProject
Project("{2150E333-8FDC-42A3-9474-1A3956D46DE8}") = "Common", "Common", "{8864DB2B-8701-4BFB-820B-9F8B786ED78C}"
EndProject
Project("{FAE04EC0-301F-11D3-BF4B-00C04F79EFBC}") = "Common.Api", "Common.Api\Common.Api.csproj", "{C71502D4-4A40-43CE-B00F-72DAED12DDF6}"
EndProject
Project("{FAE04EC0-301F-11D3-BF4B-00C04F79EFBC}") = "Common", "Common\Common.csproj", "{831F901B-38D1-4271-A678-1E67605D7186}"
EndProject
Project("{FAE04EC0-301F-11D3-BF4B-00C04F79EFBC}") = "Gateway", "Gateway\Gateway.csproj", "{D52B07F1-017F-420D-970F-CAFAFE76CC65}"
EndProject
Project("{2150E333-8FDC-42A3-9474-1A3956D46DE8}") = "General", "General", "{1E7A36BD-4065-4D32-97BD-40F089C778AD}"
EndProject
Project("{FAE04EC0-301F-11D3-BF4B-00C04F79EFBC}") = "General.API", "General.API\General.API.csproj", "{1B78D967-A462-4CA0-AC63-107C8D73F7BC}"
EndProject
Project("{FAE04EC0-301F-11D3-BF4B-00C04F79EFBC}") = "General.Application", "General.Application\General.Application.csproj", "{5004EAC6-4D10-43A9-8A6F-269DF7B15D6C}"
EndProject
Project("{FAE04EC0-301F-11D3-BF4B-00C04F79EFBC}") = "General.Core", "General.Core\General.Core.csproj", "{494C990E-5768-4B13-ACBF-E2CE11FE3E63}"
EndProject
Project("{FAE04EC0-301F-11D3-BF4B-00C04F79EFBC}") = "General.Infrastructure", "General.Infrastructure\General.Infrastructure.csproj", "{6B0C7EEB-83AB-4B94-AC6D-FDCBEF41C059}"
EndProject
Global
	GlobalSection(SolutionConfigurationPlatforms) = preSolution
		Debug|Any CPU = Debug|Any CPU
		Release|Any CPU = Release|Any CPU
	EndGlobalSection
	GlobalSection(ProjectConfigurationPlatforms) = postSolution
		{6DD6EBEA-9D2B-447E-A04A-632C701644ED}.Debug|Any CPU.ActiveCfg = Debug|Any CPU
		{6DD6EBEA-9D2B-447E-A04A-632C701644ED}.Debug|Any CPU.Build.0 = Debug|Any CPU
		{6DD6EBEA-9D2B-447E-A04A-632C701644ED}.Release|Any CPU.ActiveCfg = Release|Any CPU
		{6DD6EBEA-9D2B-447E-A04A-632C701644ED}.Release|Any CPU.Build.0 = Release|Any CPU
		{966D71F5-D231-4984-83C2-76E0CDCC3CC8}.Debug|Any CPU.ActiveCfg = Debug|Any CPU
		{966D71F5-D231-4984-83C2-76E0CDCC3CC8}.Debug|Any CPU.Build.0 = Debug|Any CPU
		{966D71F5-D231-4984-83C2-76E0CDCC3CC8}.Release|Any CPU.ActiveCfg = Release|Any CPU
		{966D71F5-D231-4984-83C2-76E0CDCC3CC8}.Release|Any CPU.Build.0 = Release|Any CPU
		{95E3DBC8-A253-49F8-B3EB-A54D28A8C91A}.Debug|Any CPU.ActiveCfg = Debug|Any CPU
		{95E3DBC8-A253-49F8-B3EB-A54D28A8C91A}.Debug|Any CPU.Build.0 = Debug|Any CPU
		{95E3DBC8-A253-49F8-B3EB-A54D28A8C91A}.Release|Any CPU.ActiveCfg = Release|Any CPU
		{95E3DBC8-A253-49F8-B3EB-A54D28A8C91A}.Release|Any CPU.Build.0 = Release|Any CPU
		{C71502D4-4A40-43CE-B00F-72DAED12DDF6}.Debug|Any CPU.ActiveCfg = Debug|Any CPU
		{C71502D4-4A40-43CE-B00F-72DAED12DDF6}.Debug|Any CPU.Build.0 = Debug|Any CPU
		{C71502D4-4A40-43CE-B00F-72DAED12DDF6}.Release|Any CPU.ActiveCfg = Release|Any CPU
		{C71502D4-4A40-43CE-B00F-72DAED12DDF6}.Release|Any CPU.Build.0 = Release|Any CPU
		{831F901B-38D1-4271-A678-1E67605D7186}.Debug|Any CPU.ActiveCfg = Debug|Any CPU
		{831F901B-38D1-4271-A678-1E67605D7186}.Debug|Any CPU.Build.0 = Debug|Any CPU
		{831F901B-38D1-4271-A678-1E67605D7186}.Release|Any CPU.ActiveCfg = Release|Any CPU
		{831F901B-38D1-4271-A678-1E67605D7186}.Release|Any CPU.Build.0 = Release|Any CPU
		{D52B07F1-017F-420D-970F-CAFAFE76CC65}.Debug|Any CPU.ActiveCfg = Debug|Any CPU
		{D52B07F1-017F-420D-970F-CAFAFE76CC65}.Debug|Any CPU.Build.0 = Debug|Any CPU
		{D52B07F1-017F-420D-970F-CAFAFE76CC65}.Release|Any CPU.ActiveCfg = Release|Any CPU
		{D52B07F1-017F-420D-970F-CAFAFE76CC65}.Release|Any CPU.Build.0 = Release|Any CPU
		{1B78D967-A462-4CA0-AC63-107C8D73F7BC}.Debug|Any CPU.ActiveCfg = Debug|Any CPU
		{1B78D967-A462-4CA0-AC63-107C8D73F7BC}.Debug|Any CPU.Build.0 = Debug|Any CPU
		{1B78D967-A462-4CA0-AC63-107C8D73F7BC}.Release|Any CPU.ActiveCfg = Release|Any CPU
		{1B78D967-A462-4CA0-AC63-107C8D73F7BC}.Release|Any CPU.Build.0 = Release|Any CPU
		{5004EAC6-4D10-43A9-8A6F-269DF7B15D6C}.Debug|Any CPU.ActiveCfg = Debug|Any CPU
		{5004EAC6-4D10-43A9-8A6F-269DF7B15D6C}.Debug|Any CPU.Build.0 = Debug|Any CPU
		{5004EAC6-4D10-43A9-8A6F-269DF7B15D6C}.Release|Any CPU.ActiveCfg = Release|Any CPU
		{5004EAC6-4D10-43A9-8A6F-269DF7B15D6C}.Release|Any CPU.Build.0 = Release|Any CPU
		{494C990E-5768-4B13-ACBF-E2CE11FE3E63}.Debug|Any CPU.ActiveCfg = Debug|Any CPU
		{494C990E-5768-4B13-ACBF-E2CE11FE3E63}.Debug|Any CPU.Build.0 = Debug|Any CPU
		{494C990E-5768-4B13-ACBF-E2CE11FE3E63}.Release|Any CPU.ActiveCfg = Release|Any CPU
		{494C990E-5768-4B13-ACBF-E2CE11FE3E63}.Release|Any CPU.Build.0 = Release|Any CPU
		{6B0C7EEB-83AB-4B94-AC6D-FDCBEF41C059}.Debug|Any CPU.ActiveCfg = Debug|Any CPU
		{6B0C7EEB-83AB-4B94-AC6D-FDCBEF41C059}.Debug|Any CPU.Build.0 = Debug|Any CPU
		{6B0C7EEB-83AB-4B94-AC6D-FDCBEF41C059}.Release|Any CPU.ActiveCfg = Release|Any CPU
		{6B0C7EEB-83AB-4B94-AC6D-FDCBEF41C059}.Release|Any CPU.Build.0 = Release|Any CPU
	EndGlobalSection
	GlobalSection(NestedProjects) = preSolution
		{6DD6EBEA-9D2B-447E-A04A-632C701644ED} = {4F37ED25-EE20-4F9A-9E26-480E57EC4A02}
		{966D71F5-D231-4984-83C2-76E0CDCC3CC8} = {4F37ED25-EE20-4F9A-9E26-480E57EC4A02}
		{95E3DBC8-A253-49F8-B3EB-A54D28A8C91A} = {4F37ED25-EE20-4F9A-9E26-480E57EC4A02}
		{C71502D4-4A40-43CE-B00F-72DAED12DDF6} = {8864DB2B-8701-4BFB-820B-9F8B786ED78C}
		{831F901B-38D1-4271-A678-1E67605D7186} = {8864DB2B-8701-4BFB-820B-9F8B786ED78C}
		{1B78D967-A462-4CA0-AC63-107C8D73F7BC} = {1E7A36BD-4065-4D32-97BD-40F089C778AD}
		{5004EAC6-4D10-43A9-8A6F-269DF7B15D6C} = {1E7A36BD-4065-4D32-97BD-40F089C778AD}
		{494C990E-5768-4B13-ACBF-E2CE11FE3E63} = {1E7A36BD-4065-4D32-97BD-40F089C778AD}
		{6B0C7EEB-83AB-4B94-AC6D-FDCBEF41C059} = {1E7A36BD-4065-4D32-97BD-40F089C778AD}
	EndGlobalSection
EndGlobal
